// !$*UTF8*$!
{
	archiveVersion = 1;
	classes = {
	};
	objectVersion = 55;
	objects = {

/* Begin PBXBuildFile section */
		5527959A26FD97CC007587EB /* AppDelegate.swift in Sources */ = {isa = PBXBuildFile; fileRef = 5527959926FD97CC007587EB /* AppDelegate.swift */; };
		5527959C26FD97CC007587EB /* SceneDelegate.swift in Sources */ = {isa = PBXBuildFile; fileRef = 5527959B26FD97CC007587EB /* SceneDelegate.swift */; };
		5527959E26FD97CC007587EB /* ViewController.swift in Sources */ = {isa = PBXBuildFile; fileRef = 5527959D26FD97CC007587EB /* ViewController.swift */; };
		552795A126FD97CC007587EB /* Main.storyboard in Resources */ = {isa = PBXBuildFile; fileRef = 5527959F26FD97CC007587EB /* Main.storyboard */; };
		552795A326FD97CF007587EB /* Assets.xcassets in Resources */ = {isa = PBXBuildFile; fileRef = 552795A226FD97CF007587EB /* Assets.xcassets */; };
		552795A626FD97CF007587EB /* LaunchScreen.storyboard in Resources */ = {isa = PBXBuildFile; fileRef = 552795A426FD97CF007587EB /* LaunchScreen.storyboard */; };
		552795AE26FD99BC007587EB /* ModuleAViewController.swift in Sources */ = {isa = PBXBuildFile; fileRef = 552795AD26FD99BC007587EB /* ModuleAViewController.swift */; };
		552795B026FD99CA007587EB /* ModuleBViewController.swift in Sources */ = {isa = PBXBuildFile; fileRef = 552795AF26FD99CA007587EB /* ModuleBViewController.swift */; };
		AB5F8E4F26FE9D9900BC67BD /* Novocaine.m in Sources */ = {isa = PBXBuildFile; fileRef = AB5F8E4E26FE9D9900BC67BD /* Novocaine.m */; };
		AB5F8E5326FE9E3C00BC67BD /* CircularBuffer.m in Sources */ = {isa = PBXBuildFile; fileRef = AB5F8E5226FE9E3C00BC67BD /* CircularBuffer.m */; };
		AB5F8E5626FE9E9300BC67BD /* AudioFileReader.m in Sources */ = {isa = PBXBuildFile; fileRef = AB5F8E5526FE9E9300BC67BD /* AudioFileReader.m */; };
		AB5F8E5926FE9EDD00BC67BD /* FFTHelper.m in Sources */ = {isa = PBXBuildFile; fileRef = AB5F8E5826FE9EDD00BC67BD /* FFTHelper.m */; };
		AB5F8E5B26FE9F1400BC67BD /* MetalGraph.swift in Sources */ = {isa = PBXBuildFile; fileRef = AB5F8E5A26FE9F1400BC67BD /* MetalGraph.swift */; };
		AB5F8E5D26FE9F3500BC67BD /* AudioModel.swift in Sources */ = {isa = PBXBuildFile; fileRef = AB5F8E5C26FE9F3500BC67BD /* AudioModel.swift */; };
		AB5F8E6326FFF8D400BC67BD /* Shaders.metal in Sources */ = {isa = PBXBuildFile; fileRef = AB5F8E6226FFF8D400BC67BD /* Shaders.metal */; };
/* End PBXBuildFile section */

/* Begin PBXFileReference section */
		5527959626FD97CC007587EB /* Lab2.app */ = {isa = PBXFileReference; explicitFileType = wrapper.application; includeInIndex = 0; path = Lab2.app; sourceTree = BUILT_PRODUCTS_DIR; };
		5527959926FD97CC007587EB /* AppDelegate.swift */ = {isa = PBXFileReference; lastKnownFileType = sourcecode.swift; path = AppDelegate.swift; sourceTree = "<group>"; };
		5527959B26FD97CC007587EB /* SceneDelegate.swift */ = {isa = PBXFileReference; lastKnownFileType = sourcecode.swift; path = SceneDelegate.swift; sourceTree = "<group>"; };
		5527959D26FD97CC007587EB /* ViewController.swift */ = {isa = PBXFileReference; lastKnownFileType = sourcecode.swift; path = ViewController.swift; sourceTree = "<group>"; };
		552795A026FD97CC007587EB /* Base */ = {isa = PBXFileReference; lastKnownFileType = file.storyboard; name = Base; path = Base.lproj/Main.storyboard; sourceTree = "<group>"; };
		552795A226FD97CF007587EB /* Assets.xcassets */ = {isa = PBXFileReference; lastKnownFileType = folder.assetcatalog; path = Assets.xcassets; sourceTree = "<group>"; };
		552795A526FD97CF007587EB /* Base */ = {isa = PBXFileReference; lastKnownFileType = file.storyboard; name = Base; path = Base.lproj/LaunchScreen.storyboard; sourceTree = "<group>"; };
		552795A726FD97CF007587EB /* Info.plist */ = {isa = PBXFileReference; lastKnownFileType = text.plist.xml; path = Info.plist; sourceTree = "<group>"; };
		552795AD26FD99BC007587EB /* ModuleAViewController.swift */ = {isa = PBXFileReference; lastKnownFileType = sourcecode.swift; path = ModuleAViewController.swift; sourceTree = "<group>"; };
		552795AF26FD99CA007587EB /* ModuleBViewController.swift */ = {isa = PBXFileReference; lastKnownFileType = sourcecode.swift; path = ModuleBViewController.swift; sourceTree = "<group>"; };
		AB5F8E4E26FE9D9900BC67BD /* Novocaine.m */ = {isa = PBXFileReference; lastKnownFileType = sourcecode.c.objc; path = Novocaine.m; sourceTree = "<group>"; };
		AB5F8E5026FE9DB600BC67BD /* Novocaine.h */ = {isa = PBXFileReference; lastKnownFileType = sourcecode.c.h; path = Novocaine.h; sourceTree = "<group>"; };
		AB5F8E5126FE9E1900BC67BD /* CircularBuffer.h */ = {isa = PBXFileReference; lastKnownFileType = sourcecode.c.h; path = CircularBuffer.h; sourceTree = "<group>"; };
		AB5F8E5226FE9E3C00BC67BD /* CircularBuffer.m */ = {isa = PBXFileReference; lastKnownFileType = sourcecode.c.objc; path = CircularBuffer.m; sourceTree = "<group>"; };
		AB5F8E5426FE9E7200BC67BD /* AudioFileReader.h */ = {isa = PBXFileReference; lastKnownFileType = sourcecode.c.h; path = AudioFileReader.h; sourceTree = "<group>"; };
		AB5F8E5526FE9E9300BC67BD /* AudioFileReader.m */ = {isa = PBXFileReference; lastKnownFileType = sourcecode.c.objc; path = AudioFileReader.m; sourceTree = "<group>"; };
		AB5F8E5726FE9EC200BC67BD /* FFTHelper.h */ = {isa = PBXFileReference; lastKnownFileType = sourcecode.c.h; path = FFTHelper.h; sourceTree = "<group>"; };
		AB5F8E5826FE9EDD00BC67BD /* FFTHelper.m */ = {isa = PBXFileReference; lastKnownFileType = sourcecode.c.objc; path = FFTHelper.m; sourceTree = "<group>"; };
		AB5F8E5A26FE9F1400BC67BD /* MetalGraph.swift */ = {isa = PBXFileReference; lastKnownFileType = sourcecode.swift; path = MetalGraph.swift; sourceTree = "<group>"; };
		AB5F8E5C26FE9F3500BC67BD /* AudioModel.swift */ = {isa = PBXFileReference; lastKnownFileType = sourcecode.swift; path = AudioModel.swift; sourceTree = "<group>"; };
		AB5F8E5F26FEA02A00BC67BD /* Lab2-Bridging-Header.h */ = {isa = PBXFileReference; lastKnownFileType = sourcecode.c.h; path = "Lab2-Bridging-Header.h"; sourceTree = "<group>"; };
		AB5F8E6226FFF8D400BC67BD /* Shaders.metal */ = {isa = PBXFileReference; lastKnownFileType = sourcecode.metal; path = Shaders.metal; sourceTree = "<group>"; };
/* End PBXFileReference section */

/* Begin PBXFrameworksBuildPhase section */
		5527959326FD97CC007587EB /* Frameworks */ = {
			isa = PBXFrameworksBuildPhase;
			buildActionMask = 2147483647;
			files = (
			);
			runOnlyForDeploymentPostprocessing = 0;
		};
/* End PBXFrameworksBuildPhase section */

/* Begin PBXGroup section */
		5527958D26FD97CC007587EB = {
			isa = PBXGroup;
			children = (
				AB5F8E6226FFF8D400BC67BD /* Shaders.metal */,
				5527959826FD97CC007587EB /* Lab2 */,
				5527959726FD97CC007587EB /* Products */,
			);
			sourceTree = "<group>";
		};
		5527959726FD97CC007587EB /* Products */ = {
			isa = PBXGroup;
			children = (
				5527959626FD97CC007587EB /* Lab2.app */,
			);
			name = Products;
			sourceTree = "<group>";
		};
		5527959826FD97CC007587EB /* Lab2 */ = {
			isa = PBXGroup;
			children = (
				5527959926FD97CC007587EB /* AppDelegate.swift */,
				5527959B26FD97CC007587EB /* SceneDelegate.swift */,
				5527959D26FD97CC007587EB /* ViewController.swift */,
				5527959F26FD97CC007587EB /* Main.storyboard */,
				552795AD26FD99BC007587EB /* ModuleAViewController.swift */,
				552795AF26FD99CA007587EB /* ModuleBViewController.swift */,
				552795A226FD97CF007587EB /* Assets.xcassets */,
				552795A426FD97CF007587EB /* LaunchScreen.storyboard */,
				552795A726FD97CF007587EB /* Info.plist */,
				AB5F8E4E26FE9D9900BC67BD /* Novocaine.m */,
				AB5F8E5026FE9DB600BC67BD /* Novocaine.h */,
				AB5F8E5126FE9E1900BC67BD /* CircularBuffer.h */,
				AB5F8E5226FE9E3C00BC67BD /* CircularBuffer.m */,
				AB5F8E5426FE9E7200BC67BD /* AudioFileReader.h */,
				AB5F8E5526FE9E9300BC67BD /* AudioFileReader.m */,
				AB5F8E5726FE9EC200BC67BD /* FFTHelper.h */,
				AB5F8E5826FE9EDD00BC67BD /* FFTHelper.m */,
				AB5F8E5A26FE9F1400BC67BD /* MetalGraph.swift */,
				AB5F8E5C26FE9F3500BC67BD /* AudioModel.swift */,
				AB5F8E5F26FEA02A00BC67BD /* Lab2-Bridging-Header.h */,
			);
			path = Lab2;
			sourceTree = "<group>";
		};
/* End PBXGroup section */

/* Begin PBXNativeTarget section */
		5527959526FD97CC007587EB /* Lab2 */ = {
			isa = PBXNativeTarget;
			buildConfigurationList = 552795AA26FD97CF007587EB /* Build configuration list for PBXNativeTarget "Lab2" */;
			buildPhases = (
				5527959226FD97CC007587EB /* Sources */,
				5527959326FD97CC007587EB /* Frameworks */,
				5527959426FD97CC007587EB /* Resources */,
			);
			buildRules = (
			);
			dependencies = (
			);
			name = Lab2;
			productName = Lab2;
			productReference = 5527959626FD97CC007587EB /* Lab2.app */;
			productType = "com.apple.product-type.application";
		};
/* End PBXNativeTarget section */

/* Begin PBXProject section */
		5527958E26FD97CC007587EB /* Project object */ = {
			isa = PBXProject;
			attributes = {
				BuildIndependentTargetsInParallel = 1;
				KnownAssetTags = (
					New,
				);
				LastSwiftUpdateCheck = 1300;
				LastUpgradeCheck = 1300;
				TargetAttributes = {
					5527959526FD97CC007587EB = {
						CreatedOnToolsVersion = 13.0;
						LastSwiftMigration = 1300;
					};
				};
			};
			buildConfigurationList = 5527959126FD97CC007587EB /* Build configuration list for PBXProject "Lab2" */;
			compatibilityVersion = "Xcode 13.0";
			developmentRegion = en;
			hasScannedForEncodings = 0;
			knownRegions = (
				en,
				Base,
			);
			mainGroup = 5527958D26FD97CC007587EB;
			productRefGroup = 5527959726FD97CC007587EB /* Products */;
			projectDirPath = "";
			projectRoot = "";
			targets = (
				5527959526FD97CC007587EB /* Lab2 */,
			);
		};
/* End PBXProject section */

/* Begin PBXResourcesBuildPhase section */
		5527959426FD97CC007587EB /* Resources */ = {
			isa = PBXResourcesBuildPhase;
			buildActionMask = 2147483647;
			files = (
				552795A626FD97CF007587EB /* LaunchScreen.storyboard in Resources */,
				552795A326FD97CF007587EB /* Assets.xcassets in Resources */,
				552795A126FD97CC007587EB /* Main.storyboard in Resources */,
			);
			runOnlyForDeploymentPostprocessing = 0;
		};
/* End PBXResourcesBuildPhase section */

/* Begin PBXSourcesBuildPhase section */
		5527959226FD97CC007587EB /* Sources */ = {
			isa = PBXSourcesBuildPhase;
			buildActionMask = 2147483647;
			files = (
				AB5F8E6326FFF8D400BC67BD /* Shaders.metal in Sources */,
				AB5F8E5D26FE9F3500BC67BD /* AudioModel.swift in Sources */,
				552795AE26FD99BC007587EB /* ModuleAViewController.swift in Sources */,
				AB5F8E5626FE9E9300BC67BD /* AudioFileReader.m in Sources */,
				5527959E26FD97CC007587EB /* ViewController.swift in Sources */,
				AB5F8E5326FE9E3C00BC67BD /* CircularBuffer.m in Sources */,
				AB5F8E5B26FE9F1400BC67BD /* MetalGraph.swift in Sources */,
				AB5F8E4F26FE9D9900BC67BD /* Novocaine.m in Sources */,
				AB5F8E5926FE9EDD00BC67BD /* FFTHelper.m in Sources */,
				552795B026FD99CA007587EB /* ModuleBViewController.swift in Sources */,
				5527959A26FD97CC007587EB /* AppDelegate.swift in Sources */,
				5527959C26FD97CC007587EB /* SceneDelegate.swift in Sources */,
			);
			runOnlyForDeploymentPostprocessing = 0;
		};
/* End PBXSourcesBuildPhase section */

/* Begin PBXVariantGroup section */
		5527959F26FD97CC007587EB /* Main.storyboard */ = {
			isa = PBXVariantGroup;
			children = (
				552795A026FD97CC007587EB /* Base */,
			);
			name = Main.storyboard;
			sourceTree = "<group>";
		};
		552795A426FD97CF007587EB /* LaunchScreen.storyboard */ = {
			isa = PBXVariantGroup;
			children = (
				552795A526FD97CF007587EB /* Base */,
			);
			name = LaunchScreen.storyboard;
			sourceTree = "<group>";
		};
/* End PBXVariantGroup section */

/* Begin XCBuildConfiguration section */
		552795A826FD97CF007587EB /* Debug */ = {
			isa = XCBuildConfiguration;
			buildSettings = {
				ALWAYS_SEARCH_USER_PATHS = NO;
				CLANG_ANALYZER_NONNULL = YES;
				CLANG_ANALYZER_NUMBER_OBJECT_CONVERSION = YES_AGGRESSIVE;
				CLANG_CXX_LANGUAGE_STANDARD = "gnu++17";
				CLANG_CXX_LIBRARY = "libc++";
				CLANG_ENABLE_MODULES = YES;
				CLANG_ENABLE_OBJC_ARC = YES;
				CLANG_ENABLE_OBJC_WEAK = YES;
				CLANG_WARN_BLOCK_CAPTURE_AUTORELEASING = YES;
				CLANG_WARN_BOOL_CONVERSION = YES;
				CLANG_WARN_COMMA = YES;
				CLANG_WARN_CONSTANT_CONVERSION = YES;
				CLANG_WARN_DEPRECATED_OBJC_IMPLEMENTATIONS = YES;
				CLANG_WARN_DIRECT_OBJC_ISA_USAGE = YES_ERROR;
				CLANG_WARN_DOCUMENTATION_COMMENTS = YES;
				CLANG_WARN_EMPTY_BODY = YES;
				CLANG_WARN_ENUM_CONVERSION = YES;
				CLANG_WARN_INFINITE_RECURSION = YES;
				CLANG_WARN_INT_CONVERSION = YES;
				CLANG_WARN_NON_LITERAL_NULL_CONVERSION = YES;
				CLANG_WARN_OBJC_IMPLICIT_RETAIN_SELF = YES;
				CLANG_WARN_OBJC_LITERAL_CONVERSION = YES;
				CLANG_WARN_OBJC_ROOT_CLASS = YES_ERROR;
				CLANG_WARN_QUOTED_INCLUDE_IN_FRAMEWORK_HEADER = YES;
				CLANG_WARN_RANGE_LOOP_ANALYSIS = YES;
				CLANG_WARN_STRICT_PROTOTYPES = YES;
				CLANG_WARN_SUSPICIOUS_MOVE = YES;
				CLANG_WARN_UNGUARDED_AVAILABILITY = YES_AGGRESSIVE;
				CLANG_WARN_UNREACHABLE_CODE = YES;
				CLANG_WARN__DUPLICATE_METHOD_MATCH = YES;
				COPY_PHASE_STRIP = NO;
				DEBUG_INFORMATION_FORMAT = dwarf;
				ENABLE_STRICT_OBJC_MSGSEND = YES;
				ENABLE_TESTABILITY = YES;
				GCC_C_LANGUAGE_STANDARD = gnu11;
				GCC_DYNAMIC_NO_PIC = NO;
				GCC_NO_COMMON_BLOCKS = YES;
				GCC_OPTIMIZATION_LEVEL = 0;
				GCC_PREPROCESSOR_DEFINITIONS = (
					"DEBUG=1",
					"$(inherited)",
				);
				GCC_WARN_64_TO_32_BIT_CONVERSION = YES;
				GCC_WARN_ABOUT_RETURN_TYPE = YES_ERROR;
				GCC_WARN_UNDECLARED_SELECTOR = YES;
				GCC_WARN_UNINITIALIZED_AUTOS = YES_AGGRESSIVE;
				GCC_WARN_UNUSED_FUNCTION = YES;
				GCC_WARN_UNUSED_VARIABLE = YES;
				MTL_ENABLE_DEBUG_INFO = INCLUDE_SOURCE;
				MTL_FAST_MATH = YES;
				ONLY_ACTIVE_ARCH = YES;
				SDKROOT = iphoneos;
				SWIFT_ACTIVE_COMPILATION_CONDITIONS = DEBUG;
				SWIFT_OPTIMIZATION_LEVEL = "-Onone";
			};
			name = Debug;
		};
		552795A926FD97CF007587EB /* Release */ = {
			isa = XCBuildConfiguration;
			buildSettings = {
				ALWAYS_SEARCH_USER_PATHS = NO;
				CLANG_ANALYZER_NONNULL = YES;
				CLANG_ANALYZER_NUMBER_OBJECT_CONVERSION = YES_AGGRESSIVE;
				CLANG_CXX_LANGUAGE_STANDARD = "gnu++17";
				CLANG_CXX_LIBRARY = "libc++";
				CLANG_ENABLE_MODULES = YES;
				CLANG_ENABLE_OBJC_ARC = YES;
				CLANG_ENABLE_OBJC_WEAK = YES;
				CLANG_WARN_BLOCK_CAPTURE_AUTORELEASING = YES;
				CLANG_WARN_BOOL_CONVERSION = YES;
				CLANG_WARN_COMMA = YES;
				CLANG_WARN_CONSTANT_CONVERSION = YES;
				CLANG_WARN_DEPRECATED_OBJC_IMPLEMENTATIONS = YES;
				CLANG_WARN_DIRECT_OBJC_ISA_USAGE = YES_ERROR;
				CLANG_WARN_DOCUMENTATION_COMMENTS = YES;
				CLANG_WARN_EMPTY_BODY = YES;
				CLANG_WARN_ENUM_CONVERSION = YES;
				CLANG_WARN_INFINITE_RECURSION = YES;
				CLANG_WARN_INT_CONVERSION = YES;
				CLANG_WARN_NON_LITERAL_NULL_CONVERSION = YES;
				CLANG_WARN_OBJC_IMPLICIT_RETAIN_SELF = YES;
				CLANG_WARN_OBJC_LITERAL_CONVERSION = YES;
				CLANG_WARN_OBJC_ROOT_CLASS = YES_ERROR;
				CLANG_WARN_QUOTED_INCLUDE_IN_FRAMEWORK_HEADER = YES;
				CLANG_WARN_RANGE_LOOP_ANALYSIS = YES;
				CLANG_WARN_STRICT_PROTOTYPES = YES;
				CLANG_WARN_SUSPICIOUS_MOVE = YES;
				CLANG_WARN_UNGUARDED_AVAILABILITY = YES_AGGRESSIVE;
				CLANG_WARN_UNREACHABLE_CODE = YES;
				CLANG_WARN__DUPLICATE_METHOD_MATCH = YES;
				COPY_PHASE_STRIP = NO;
				DEBUG_INFORMATION_FORMAT = "dwarf-with-dsym";
				ENABLE_NS_ASSERTIONS = NO;
				ENABLE_STRICT_OBJC_MSGSEND = YES;
				GCC_C_LANGUAGE_STANDARD = gnu11;
				GCC_NO_COMMON_BLOCKS = YES;
				GCC_WARN_64_TO_32_BIT_CONVERSION = YES;
				GCC_WARN_ABOUT_RETURN_TYPE = YES_ERROR;
				GCC_WARN_UNDECLARED_SELECTOR = YES;
				GCC_WARN_UNINITIALIZED_AUTOS = YES_AGGRESSIVE;
				GCC_WARN_UNUSED_FUNCTION = YES;
				GCC_WARN_UNUSED_VARIABLE = YES;
				MTL_ENABLE_DEBUG_INFO = NO;
				MTL_FAST_MATH = YES;
				SDKROOT = iphoneos;
				SWIFT_COMPILATION_MODE = wholemodule;
				SWIFT_OPTIMIZATION_LEVEL = "-O";
				VALIDATE_PRODUCT = YES;
			};
			name = Release;
		};
		552795AB26FD97CF007587EB /* Debug */ = {
			isa = XCBuildConfiguration;
			buildSettings = {
				ASSETCATALOG_COMPILER_APPICON_NAME = AppIcon;
				ASSETCATALOG_COMPILER_GLOBAL_ACCENT_COLOR_NAME = AccentColor;
				CLANG_ENABLE_MODULES = YES;
				CODE_SIGN_STYLE = Automatic;
				CURRENT_PROJECT_VERSION = 1;
				DEVELOPMENT_TEAM = 87NPWNTFX6;
				GENERATE_INFOPLIST_FILE = YES;
				INFOPLIST_FILE = Lab2/Info.plist;
				INFOPLIST_KEY_UIApplicationSupportsIndirectInputEvents = YES;
				INFOPLIST_KEY_UILaunchStoryboardName = LaunchScreen;
				INFOPLIST_KEY_UIMainStoryboardFile = Main;
				INFOPLIST_KEY_UISupportedInterfaceOrientations_iPad = "UIInterfaceOrientationPortrait UIInterfaceOrientationPortraitUpsideDown UIInterfaceOrientationLandscapeLeft UIInterfaceOrientationLandscapeRight";
				INFOPLIST_KEY_UISupportedInterfaceOrientations_iPhone = "UIInterfaceOrientationPortrait UIInterfaceOrientationLandscapeLeft UIInterfaceOrientationLandscapeRight";
				IPHONEOS_DEPLOYMENT_TARGET = 14.7;
				LD_RUNPATH_SEARCH_PATHS = (
					"$(inherited)",
					"@executable_path/Frameworks",
				);
				MARKETING_VERSION = 1.0;
				PRODUCT_BUNDLE_IDENTIFIER = com.Jonathan.Lab2;
				PRODUCT_NAME = "$(TARGET_NAME)";
				SWIFT_EMIT_LOC_STRINGS = YES;
				SWIFT_OBJC_BRIDGING_HEADER = "Lab2/Lab2-Bridging-Header.h";
				SWIFT_OPTIMIZATION_LEVEL = "-Onone";
				SWIFT_VERSION = 5.0;
				TARGETED_DEVICE_FAMILY = "1,2";
			};
			name = Debug;
		};
		552795AC26FD97CF007587EB /* Release */ = {
			isa = XCBuildConfiguration;
			buildSettings = {
				ASSETCATALOG_COMPILER_APPICON_NAME = AppIcon;
				ASSETCATALOG_COMPILER_GLOBAL_ACCENT_COLOR_NAME = AccentColor;
				CLANG_ENABLE_MODULES = YES;
				CODE_SIGN_STYLE = Automatic;
				CURRENT_PROJECT_VERSION = 1;
				DEVELOPMENT_TEAM = 87NPWNTFX6;
				GENERATE_INFOPLIST_FILE = YES;
				INFOPLIST_FILE = Lab2/Info.plist;
				INFOPLIST_KEY_UIApplicationSupportsIndirectInputEvents = YES;
				INFOPLIST_KEY_UILaunchStoryboardName = LaunchScreen;
				INFOPLIST_KEY_UIMainStoryboardFile = Main;
				INFOPLIST_KEY_UISupportedInterfaceOrientations_iPad = "UIInterfaceOrientationPortrait UIInterfaceOrientationPortraitUpsideDown UIInterfaceOrientationLandscapeLeft UIInterfaceOrientationLandscapeRight";
				INFOPLIST_KEY_UISupportedInterfaceOrientations_iPhone = "UIInterfaceOrientationPortrait UIInterfaceOrientationLandscapeLeft UIInterfaceOrientationLandscapeRight";
				IPHONEOS_DEPLOYMENT_TARGET = 14.7;
				LD_RUNPATH_SEARCH_PATHS = (
					"$(inherited)",
					"@executable_path/Frameworks",
				);
				MARKETING_VERSION = 1.0;
				PRODUCT_BUNDLE_IDENTIFIER = com.Jonathan.Lab2;
				PRODUCT_NAME = "$(TARGET_NAME)";
				SWIFT_EMIT_LOC_STRINGS = YES;
				SWIFT_OBJC_BRIDGING_HEADER = "Lab2/Lab2-Bridging-Header.h";
				SWIFT_VERSION = 5.0;
				TARGETED_DEVICE_FAMILY = "1,2";
			};
			name = Release;
		};
/* End XCBuildConfiguration section */

/* Begin XCConfigurationList section */
		5527959126FD97CC007587EB /* Build configuration list for PBXProject "Lab2" */ = {
			isa = XCConfigurationList;
			buildConfigurations = (
				552795A826FD97CF007587EB /* Debug */,
				552795A926FD97CF007587EB /* Release */,
			);
			defaultConfigurationIsVisible = 0;
			defaultConfigurationName = Release;
		};
		552795AA26FD97CF007587EB /* Build configuration list for PBXNativeTarget "Lab2" */ = {
			isa = XCConfigurationList;
			buildConfigurations = (
				552795AB26FD97CF007587EB /* Debug */,
				552795AC26FD97CF007587EB /* Release */,
			);
			defaultConfigurationIsVisible = 0;
			defaultConfigurationName = Release;
		};
/* End XCConfigurationList section */
	};
	rootObject = 5527958E26FD97CC007587EB /* Project object */;
}
